PODS:
  - ReactiveCocoa (2.5):
    - ReactiveCocoa/UI (= 2.5)
  - ReactiveCocoa/Core (2.5):
    - ReactiveCocoa/no-arc
  - ReactiveCocoa/no-arc (2.5)
  - ReactiveCocoa/UI (2.5):
    - ReactiveCocoa/Core
  - SDWebImage (3.8.1):
    - SDWebImage/Core (= 3.8.1)
  - SDWebImage/Core (3.8.1)
  - SVProgressHUD (2.0.3)

DEPENDENCIES:
  - ReactiveCocoa
  - SDWebImage
  - SVProgressHUD

SPEC CHECKSUMS:
  ReactiveCocoa: e2db045570aa97c695e7aa97c2bcab222ae51f4a
  SDWebImage: 35f9627a3e44b4f292a8a8ce6a531fa488239b91
  SVProgressHUD: b0830714205bea1317ea1a2ebc71e5633af334d4

COCOAPODS: 0.39.0
