PODS:
  - QBImagePickerController (2.6.0)
  - ReactiveCocoa (2.5):
    - ReactiveCocoa/UI (= 2.5)
  - ReactiveCocoa/Core (2.5):
    - ReactiveCocoa/no-arc
  - ReactiveCocoa/no-arc (2.5)
  - ReactiveCocoa/UI (2.5):
    - ReactiveCocoa/Core
  - SDWebImage (3.8.1):
    - SDWebImage/Core (= 3.8.1)
  - SDWebImage/Core (3.8.1)
  - SVProgressHUD (2.0.3)

DEPENDENCIES:
  - QBImagePickerController
  - ReactiveCocoa
  - SDWebImage
  - SVProgressHUD

SPEC CHECKSUMS:
  QBImagePickerController: 095c2b2973de4da267334d2cfcac989c2eb5cdc2
  ReactiveCocoa: e2db045570aa97c695e7aa97c2bcab222ae51f4a
  SDWebImage: 35f9627a3e44b4f292a8a8ce6a531fa488239b91
  SVProgressHUD: b0830714205bea1317ea1a2ebc71e5633af334d4

PODFILE CHECKSUM: ce504c71958b28809d01f452d78e143c6cacc42e

COCOAPODS: 1.1.0.beta.1
